
Microsoft Visual Studio Solution File, Format Version 11.00
# Visual Studio 2010
Project("{FAE04EC0-301F-11D3-BF4B-00C04F79EFBC}") = "Client", "Client\Client.csproj", "{EA572791-620D-457E-B500-9A94D8AB1230}"
EndProject
Project("{FAE04EC0-301F-11D3-BF4B-00C04F79EFBC}") = "TestProject", "TestProject\TestProject.csproj", "{2B58E621-E468-439A-829F-FEA49F73FFA6}"
EndProject
Project("{2150E333-8FDC-42A3-9474-1A3956D46DE8}") = "Solution Items", "Solution Items", "{126CA92E-05C1-4F7E-8ABD-0C1BD81753AE}"
	ProjectSection(SolutionItems) = preProject
		Local.testsettings = Local.testsettings
		Slice of pie.vsmdi = Slice of pie.vsmdi
		TraceAndTestImpact.testsettings = TraceAndTestImpact.testsettings
	EndProjectSection
EndProject
Project("{FAE04EC0-301F-11D3-BF4B-00C04F79EFBC}") = "Server", "Server\Server.csproj", "{B186F550-7A26-4D6A-9531-D234919B846C}"
EndProject
Project("{FAE04EC0-301F-11D3-BF4B-00C04F79EFBC}") = "WcfService", "WcfService\WcfService.csproj", "{C2C296DE-23A5-44BE-879B-BA9BAFAA5838}"
EndProject
Global
	GlobalSection(TestCaseManagementSettings) = postSolution
		CategoryFile = Slice of pie.vsmdi
	EndGlobalSection
	GlobalSection(SolutionConfigurationPlatforms) = preSolution
		Debug|Any CPU = Debug|Any CPU
		Debug|Mixed Platforms = Debug|Mixed Platforms
		Debug|x86 = Debug|x86
		Release|Any CPU = Release|Any CPU
		Release|Mixed Platforms = Release|Mixed Platforms
		Release|x86 = Release|x86
	EndGlobalSection
	GlobalSection(ProjectConfigurationPlatforms) = postSolution
		{EA572791-620D-457E-B500-9A94D8AB1230}.Debug|Any CPU.ActiveCfg = Debug|x86
		{EA572791-620D-457E-B500-9A94D8AB1230}.Debug|Mixed Platforms.ActiveCfg = Debug|x86
		{EA572791-620D-457E-B500-9A94D8AB1230}.Debug|Mixed Platforms.Build.0 = Debug|x86
		{EA572791-620D-457E-B500-9A94D8AB1230}.Debug|x86.ActiveCfg = Debug|x86
		{EA572791-620D-457E-B500-9A94D8AB1230}.Debug|x86.Build.0 = Debug|x86
		{EA572791-620D-457E-B500-9A94D8AB1230}.Release|Any CPU.ActiveCfg = Release|x86
		{EA572791-620D-457E-B500-9A94D8AB1230}.Release|Mixed Platforms.ActiveCfg = Release|x86
		{EA572791-620D-457E-B500-9A94D8AB1230}.Release|Mixed Platforms.Build.0 = Release|x86
		{EA572791-620D-457E-B500-9A94D8AB1230}.Release|x86.ActiveCfg = Release|x86
		{EA572791-620D-457E-B500-9A94D8AB1230}.Release|x86.Build.0 = Release|x86
		{2B58E621-E468-439A-829F-FEA49F73FFA6}.Debug|Any CPU.ActiveCfg = Debug|Any CPU
		{2B58E621-E468-439A-829F-FEA49F73FFA6}.Debug|Any CPU.Build.0 = Debug|Any CPU
		{2B58E621-E468-439A-829F-FEA49F73FFA6}.Debug|Mixed Platforms.ActiveCfg = Debug|Any CPU
		{2B58E621-E468-439A-829F-FEA49F73FFA6}.Debug|Mixed Platforms.Build.0 = Debug|Any CPU
		{2B58E621-E468-439A-829F-FEA49F73FFA6}.Debug|x86.ActiveCfg = Debug|Any CPU
		{2B58E621-E468-439A-829F-FEA49F73FFA6}.Release|Any CPU.ActiveCfg = Release|Any CPU
		{2B58E621-E468-439A-829F-FEA49F73FFA6}.Release|Any CPU.Build.0 = Release|Any CPU
		{2B58E621-E468-439A-829F-FEA49F73FFA6}.Release|Mixed Platforms.ActiveCfg = Release|Any CPU
		{2B58E621-E468-439A-829F-FEA49F73FFA6}.Release|Mixed Platforms.Build.0 = Release|Any CPU
		{2B58E621-E468-439A-829F-FEA49F73FFA6}.Release|x86.ActiveCfg = Release|Any CPU
		{B186F550-7A26-4D6A-9531-D234919B846C}.Debug|Any CPU.ActiveCfg = Debug|Any CPU
		{B186F550-7A26-4D6A-9531-D234919B846C}.Debug|Any CPU.Build.0 = Debug|Any CPU
		{B186F550-7A26-4D6A-9531-D234919B846C}.Debug|Mixed Platforms.ActiveCfg = Debug|Any CPU
		{B186F550-7A26-4D6A-9531-D234919B846C}.Debug|Mixed Platforms.Build.0 = Debug|Any CPU
		{B186F550-7A26-4D6A-9531-D234919B846C}.Debug|x86.ActiveCfg = Debug|Any CPU
		{B186F550-7A26-4D6A-9531-D234919B846C}.Release|Any CPU.ActiveCfg = Release|Any CPU
		{B186F550-7A26-4D6A-9531-D234919B846C}.Release|Any CPU.Build.0 = Release|Any CPU
		{B186F550-7A26-4D6A-9531-D234919B846C}.Release|Mixed Platforms.ActiveCfg = Release|Any CPU
		{B186F550-7A26-4D6A-9531-D234919B846C}.Release|Mixed Platforms.Build.0 = Release|Any CPU
		{B186F550-7A26-4D6A-9531-D234919B846C}.Release|x86.ActiveCfg = Release|Any CPU
		{C2C296DE-23A5-44BE-879B-BA9BAFAA5838}.Debug|Any CPU.ActiveCfg = Debug|Any CPU
		{C2C296DE-23A5-44BE-879B-BA9BAFAA5838}.Debug|Any CPU.Build.0 = Debug|Any CPU
		{C2C296DE-23A5-44BE-879B-BA9BAFAA5838}.Debug|Mixed Platforms.ActiveCfg = Debug|Any CPU
		{C2C296DE-23A5-44BE-879B-BA9BAFAA5838}.Debug|Mixed Platforms.Build.0 = Debug|Any CPU
		{C2C296DE-23A5-44BE-879B-BA9BAFAA5838}.Debug|x86.ActiveCfg = Debug|Any CPU
		{C2C296DE-23A5-44BE-879B-BA9BAFAA5838}.Release|Any CPU.ActiveCfg = Release|Any CPU
		{C2C296DE-23A5-44BE-879B-BA9BAFAA5838}.Release|Any CPU.Build.0 = Release|Any CPU
		{C2C296DE-23A5-44BE-879B-BA9BAFAA5838}.Release|Mixed Platforms.ActiveCfg = Release|Any CPU
		{C2C296DE-23A5-44BE-879B-BA9BAFAA5838}.Release|Mixed Platforms.Build.0 = Release|Any CPU
		{C2C296DE-23A5-44BE-879B-BA9BAFAA5838}.Release|x86.ActiveCfg = Release|Any CPU
	EndGlobalSection
	GlobalSection(SolutionProperties) = preSolution
		HideSolutionNode = FALSE
	EndGlobalSection
EndGlobal
